
Microsoft Visual Studio Solution File, Format Version 12.00
# Visual Studio 15
VisualStudioVersion = 15.0.27703.2026
MinimumVisualStudioVersion = 10.0.40219.1
Project("{FAE04EC0-301F-11D3-BF4B-00C04F79EFBC}") = "Communicator_LAN", "Communicator_LAN\Communicator_LAN.csproj", "{64E1F9C8-0FC6-4EC1-B638-FD15015B8F8A}"
EndProject
Global
	GlobalSection(SolutionConfigurationPlatforms) = preSolution
		Debug|Any CPU = Debug|Any CPU
		Release|Any CPU = Release|Any CPU
	EndGlobalSection
	GlobalSection(ProjectConfigurationPlatforms) = postSolution
		{64E1F9C8-0FC6-4EC1-B638-FD15015B8F8A}.Debug|Any CPU.ActiveCfg = Debug|Any CPU
		{64E1F9C8-0FC6-4EC1-B638-FD15015B8F8A}.Debug|Any CPU.Build.0 = Debug|Any CPU
		{64E1F9C8-0FC6-4EC1-B638-FD15015B8F8A}.Release|Any CPU.ActiveCfg = Release|Any CPU
		{64E1F9C8-0FC6-4EC1-B638-FD15015B8F8A}.Release|Any CPU.Build.0 = Release|Any CPU
	EndGlobalSection
	GlobalSection(SolutionProperties) = preSolution
		HideSolutionNode = FALSE
	EndGlobalSection
	GlobalSection(ExtensibilityGlobals) = postSolution
		SolutionGuid = {7D60C882-8D4E-40ED-8729-2ED2641B0155}
	EndGlobalSection
EndGlobal
